
Microsoft Visual Studio Solution File, Format Version 12.00
# Visual Studio 2012
Project("{FAE04EC0-301F-11D3-BF4B-00C04F79EFBC}") = "TWTGame2", "TWTGame2\TWTGame2.csproj", "{6B2F9CAD-D2C1-4A5E-851C-2FC6A7818957}"
EndProject
Project("{FAE04EC0-301F-11D3-BF4B-00C04F79EFBC}") = "TWTGame2.Tests", "TWTGame2.Tests\TWTGame2.Tests.csproj", "{574E24F5-F90E-400B-8933-97D7EAF73A3C}"
EndProject
Project("{FAE04EC0-301F-11D3-BF4B-00C04F79EFBC}") = "MicroGe", "MicroGe\MicroGe.csproj", "{9A7702EF-58A7-42D7-B062-8ADBC2558DF0}"
EndProject
Project("{FAE04EC0-301F-11D3-BF4B-00C04F79EFBC}") = "MicroGe.SDL", "MicroGe.SDL\MicroGe.SDL.csproj", "{0C892933-C12F-4E2C-AD83-89FEA64329D4}"
EndProject
Global
	GlobalSection(SolutionConfigurationPlatforms) = preSolution
		Debug|Any CPU = Debug|Any CPU
		Release|Any CPU = Release|Any CPU
	EndGlobalSection
	GlobalSection(ProjectConfigurationPlatforms) = postSolution
		{6B2F9CAD-D2C1-4A5E-851C-2FC6A7818957}.Debug|Any CPU.ActiveCfg = Debug|x86
		{6B2F9CAD-D2C1-4A5E-851C-2FC6A7818957}.Debug|Any CPU.Build.0 = Debug|x86
		{6B2F9CAD-D2C1-4A5E-851C-2FC6A7818957}.Release|Any CPU.ActiveCfg = Release|Any CPU
		{6B2F9CAD-D2C1-4A5E-851C-2FC6A7818957}.Release|Any CPU.Build.0 = Release|Any CPU
		{574E24F5-F90E-400B-8933-97D7EAF73A3C}.Debug|Any CPU.ActiveCfg = Debug|x86
		{574E24F5-F90E-400B-8933-97D7EAF73A3C}.Debug|Any CPU.Build.0 = Debug|x86
		{574E24F5-F90E-400B-8933-97D7EAF73A3C}.Release|Any CPU.ActiveCfg = Release|Any CPU
		{574E24F5-F90E-400B-8933-97D7EAF73A3C}.Release|Any CPU.Build.0 = Release|Any CPU
		{9A7702EF-58A7-42D7-B062-8ADBC2558DF0}.Debug|Any CPU.ActiveCfg = Debug|Any CPU
		{9A7702EF-58A7-42D7-B062-8ADBC2558DF0}.Debug|Any CPU.Build.0 = Debug|Any CPU
		{9A7702EF-58A7-42D7-B062-8ADBC2558DF0}.Release|Any CPU.ActiveCfg = Release|Any CPU
		{9A7702EF-58A7-42D7-B062-8ADBC2558DF0}.Release|Any CPU.Build.0 = Release|Any CPU
		{0C892933-C12F-4E2C-AD83-89FEA64329D4}.Debug|Any CPU.ActiveCfg = Debug|Any CPU
		{0C892933-C12F-4E2C-AD83-89FEA64329D4}.Debug|Any CPU.Build.0 = Debug|Any CPU
		{0C892933-C12F-4E2C-AD83-89FEA64329D4}.Release|Any CPU.ActiveCfg = Release|Any CPU
		{0C892933-C12F-4E2C-AD83-89FEA64329D4}.Release|Any CPU.Build.0 = Release|Any CPU
	EndGlobalSection
	GlobalSection(SolutionProperties) = preSolution
		HideSolutionNode = FALSE
	EndGlobalSection
EndGlobal
